hash: 48359bc90315e199afbb31ca486a0db5c312b4d35b2c5cf19632f9cc71b90c16
updated: 2018-05-19T12:44:42.125048615+02:00
imports:
- name: github.com/CrowdSurge/banner
  version: 8c0e79dc5ff70fb2919f0d662f44fd72ccdf9be2
  subpackages:
  - fonts
- name: github.com/gorilla/websocket
  version: eb925808374e5ca90c83401a40d711dc08c0c0f6
testImports: []
